
Microsoft Visual Studio Solution File, Format Version 12.00
# Visual Studio Version 17
VisualStudioVersion = 17.14.36414.22 d17.14
MinimumVisualStudioVersion = 10.0.40219.1
Project("{FAE04EC0-301F-11D3-BF4B-00C04F79EFBC}") = "JobApplicationTracker", "JobApplicationTracker.csproj", "{C7900F6B-4495-406B-8D08-B04D7A3C075E}"
EndProject
Global
	GlobalSection(SolutionConfigurationPlatforms) = preSolution
		Debug|Any CPU = Debug|Any CPU
		Release|Any CPU = Release|Any CPU
	EndGlobalSection
	GlobalSection(ProjectConfigurationPlatforms) = postSolution
		{C7900F6B-4495-406B-8D08-B04D7A3C075E}.Debug|Any CPU.ActiveCfg = Debug|Any CPU
		{C7900F6B-4495-406B-8D08-B04D7A3C075E}.Debug|Any CPU.Build.0 = Debug|Any CPU
		{C7900F6B-4495-406B-8D08-B04D7A3C075E}.Release|Any CPU.ActiveCfg = Release|Any CPU
		{C7900F6B-4495-406B-8D08-B04D7A3C075E}.Release|Any CPU.Build.0 = Release|Any CPU
	EndGlobalSection
	GlobalSection(SolutionProperties) = preSolution
		HideSolutionNode = FALSE
	EndGlobalSection
	GlobalSection(ExtensibilityGlobals) = postSolution
		SolutionGuid = {AF242228-DF55-4D36-A022-D16C90E23505}
	EndGlobalSection
EndGlobal
